
Microsoft Visual Studio Solution File, Format Version 12.00
# Visual Studio Version 17
VisualStudioVersion = 17.9.34622.214
MinimumVisualStudioVersion = 10.0.40219.1
Project("{FAE04EC0-301F-11D3-BF4B-00C04F79EFBC}") = "Kalkulator", "Kalkulator\Kalkulator.csproj", "{3E83945B-EF77-4C61-A6F7-D021E7B498A6}"
EndProject
Global
	GlobalSection(SolutionConfigurationPlatforms) = preSolution
		Debug|Any CPU = Debug|Any CPU
		Release|Any CPU = Release|Any CPU
	EndGlobalSection
	GlobalSection(ProjectConfigurationPlatforms) = postSolution
		{3E83945B-EF77-4C61-A6F7-D021E7B498A6}.Debug|Any CPU.ActiveCfg = Debug|Any CPU
		{3E83945B-EF77-4C61-A6F7-D021E7B498A6}.Debug|Any CPU.Build.0 = Debug|Any CPU
		{3E83945B-EF77-4C61-A6F7-D021E7B498A6}.Release|Any CPU.ActiveCfg = Release|Any CPU
		{3E83945B-EF77-4C61-A6F7-D021E7B498A6}.Release|Any CPU.Build.0 = Release|Any CPU
	EndGlobalSection
	GlobalSection(SolutionProperties) = preSolution
		HideSolutionNode = FALSE
	EndGlobalSection
	GlobalSection(ExtensibilityGlobals) = postSolution
		SolutionGuid = {4E283F2D-17E3-43D3-BD8B-CE077BD30075}
	EndGlobalSection
EndGlobal
